<Solution>
  <Folder Name="/Solution Items/">
    <File Path=".editorconfig" />
    <File Path="AGENTS.md" />
    <File Path="global.json" />
    <File Path="README.md" />
  </Folder>
  <Folder Name="/Source/">
    <File Path="src/AGENTS.md" />
    <Project Path="src/Roslyn.Workbench.Mcp.Abstractions/Roslyn.Workbench.Mcp.Abstractions.csproj" />
    <Project Path="src/Roslyn.Workbench.Mcp.CodeActions/Roslyn.Workbench.Mcp.CodeActions.csproj" />
    <Project Path="src/Roslyn.Workbench.Mcp.Plugins.Analyzers/Roslyn.Workbench.Mcp.Plugins.Analyzers.csproj" />
    <Project Path="src/Roslyn.Workbench.Mcp.Plugins.Core/Roslyn.Workbench.Mcp.Plugins.Core.csproj" />
    <Project Path="src/Roslyn.Workbench.Mcp.Plugins/Roslyn.Workbench.Mcp.Plugins.csproj" />
    <Project Path="src/Roslyn.Workbench.Mcp.Workspace/Roslyn.Workbench.Mcp.Workspace.csproj" />
    <Project Path="src/Roslyn.Workbench.Mcp/Roslyn.Workbench.Mcp.csproj" />
  </Folder>
  <Folder Name="/Test/">
    <File Path="test/AGENTS.md" />
    <Project Path="test/Roslyn.Workbench.Mcp.AcceptanceTest/Roslyn.Workbench.Mcp.AcceptanceTest.csproj" />
    <Project Path="test/Roslyn.Workbench.Mcp.CodeActions.AuditTest/Roslyn.Workbench.Mcp.CodeActions.AuditTest.csproj" />
    <Project Path="test/Roslyn.Workbench.Mcp.CodeActions.IntegrationTest/Roslyn.Workbench.Mcp.CodeActions.IntegrationTest.csproj" />
    <Project Path="test/Roslyn.Workbench.Mcp.CodeActions.Test/Roslyn.Workbench.Mcp.CodeActions.Test.csproj" />
    <Project Path="test/Roslyn.Workbench.Mcp.IntegrationTest/Roslyn.Workbench.Mcp.IntegrationTest.csproj" />
    <Project Path="test/Roslyn.Workbench.Mcp.IntegrationTestSupport/Roslyn.Workbench.Mcp.IntegrationTestSupport.csproj" />
    <Project Path="test/Roslyn.Workbench.Mcp.Plugins.Analyzers.Test/Roslyn.Workbench.Mcp.Plugins.Analyzers.Test.csproj" />
    <Project Path="test/Roslyn.Workbench.Mcp.Plugins.Core.IntegrationTest/Roslyn.Workbench.Mcp.Plugins.Core.IntegrationTest.csproj" />
    <Project Path="test/Roslyn.Workbench.Mcp.Plugins.Core.Test/Roslyn.Workbench.Mcp.Plugins.Core.Test.csproj" />
    <Project Path="test/Roslyn.Workbench.Mcp.Plugins.Test/Roslyn.Workbench.Mcp.Plugins.Test.csproj" />
    <Project Path="test/Roslyn.Workbench.Mcp.Test/Roslyn.Workbench.Mcp.Test.csproj" />
    <Project Path="test/Roslyn.Workbench.Mcp.TestSupport/Roslyn.Workbench.Mcp.TestSupport.csproj" />
    <Project Path="test/Roslyn.Workbench.Mcp.Workspace.Test/Roslyn.Workbench.Mcp.Workspace.Test.csproj" />
    <Project Path="test/Roslyn.Workbench.Mcp.Workspace.IntegrationTest/Roslyn.Workbench.Mcp.Workspace.IntegrationTest.csproj" />
    <Project Path="test/Roslyn.Workbench.Mcp.Workspace.LockFixture/Roslyn.Workbench.Mcp.Workspace.LockFixture.csproj" />
  </Folder>
  <Folder Name="/Test Fixtures/">
    <File Path="test/TestFixtures/README.md" />
    <Project Path="test/TestFixtures/Plugins/Roslyn.Workbench.Mcp.ConsoleOutputPluginFixture/Roslyn.Workbench.Mcp.ConsoleOutputPluginFixture.csproj" />
    <Project Path="test/TestFixtures/Plugins/Roslyn.Workbench.Mcp.HostMutationPluginFixture/Roslyn.Workbench.Mcp.HostMutationPluginFixture.csproj" />
    <Project Path="test/TestFixtures/Plugins/Roslyn.Workbench.Mcp.HostQueryPluginFixture/Roslyn.Workbench.Mcp.HostQueryPluginFixture.csproj" />
    <Project Path="test/TestFixtures/Plugins/Roslyn.Workbench.Mcp.InvalidPluginFixture/Roslyn.Workbench.Mcp.InvalidPluginFixture.csproj" />
    <Project Path="test/TestFixtures/Plugins/Roslyn.Workbench.Mcp.InvalidToolNamePluginFixture/Roslyn.Workbench.Mcp.InvalidToolNamePluginFixture.csproj" />
    <Project Path="test/TestFixtures/Plugins/Roslyn.Workbench.Mcp.ThrowingPluginFixture/Roslyn.Workbench.Mcp.ThrowingPluginFixture.csproj" />
    <Project Path="test/TestFixtures/Plugins/Roslyn.Workbench.Mcp.UnsupportedSchemaPluginFixture/Roslyn.Workbench.Mcp.UnsupportedSchemaPluginFixture.csproj" />
  </Folder>
  <Folder Name="/Tools/">
    <Project Path="tools/Roslyn.Workbench.Mcp.ScenarioRunner/Roslyn.Workbench.Mcp.ScenarioRunner.csproj" />
  </Folder>
</Solution>
